
Microsoft Visual Studio Solution File, Format Version 12.00
# Visual Studio 14
VisualStudioVersion = 14.0.24720.0
MinimumVisualStudioVersion = 10.0.40219.1
Project("{FAE04EC0-301F-11D3-BF4B-00C04F79EFBC}") = "DataTransformer", "DataTransformer\DataTransformer.csproj", "{61831DFD-08BB-4F04-9A08-8F1D6B045C84}"
EndProject
Project("{FAE04EC0-301F-11D3-BF4B-00C04F79EFBC}") = "DataTransformerConsole", "DataTransferConsole\DataTransformerConsole.csproj", "{DD69F954-9862-4FE8-AA8F-DFCDCB827C25}"
EndProject
Global
	GlobalSection(SolutionConfigurationPlatforms) = preSolution
		Debug|Any CPU = Debug|Any CPU
		Release|Any CPU = Release|Any CPU
	EndGlobalSection
	GlobalSection(ProjectConfigurationPlatforms) = postSolution
		{61831DFD-08BB-4F04-9A08-8F1D6B045C84}.Debug|Any CPU.ActiveCfg = Debug|Any CPU
		{61831DFD-08BB-4F04-9A08-8F1D6B045C84}.Debug|Any CPU.Build.0 = Debug|Any CPU
		{61831DFD-08BB-4F04-9A08-8F1D6B045C84}.Release|Any CPU.ActiveCfg = Release|Any CPU
		{61831DFD-08BB-4F04-9A08-8F1D6B045C84}.Release|Any CPU.Build.0 = Release|Any CPU
		{DD69F954-9862-4FE8-AA8F-DFCDCB827C25}.Debug|Any CPU.ActiveCfg = Debug|Any CPU
		{DD69F954-9862-4FE8-AA8F-DFCDCB827C25}.Debug|Any CPU.Build.0 = Debug|Any CPU
		{DD69F954-9862-4FE8-AA8F-DFCDCB827C25}.Release|Any CPU.ActiveCfg = Release|Any CPU
		{DD69F954-9862-4FE8-AA8F-DFCDCB827C25}.Release|Any CPU.Build.0 = Release|Any CPU
	EndGlobalSection
	GlobalSection(SolutionProperties) = preSolution
		HideSolutionNode = FALSE
	EndGlobalSection
EndGlobal
